
Microsoft Visual Studio Solution File, Format Version 12.00
# Visual Studio 15
VisualStudioVersion = 15.0.27703.2035
MinimumVisualStudioVersion = 10.0.40219.1
Project("{FAE04EC0-301F-11D3-BF4B-00C04F79EFBC}") = "WindowsFormsAppGitHubTest", "WindowsFormsAppGitHubTest.csproj", "{0A85DD9E-EFDA-444E-A43D-585CD70ECFE8}"
EndProject
Global
	GlobalSection(SolutionConfigurationPlatforms) = preSolution
		Debug|Any CPU = Debug|Any CPU
		Release|Any CPU = Release|Any CPU
	EndGlobalSection
	GlobalSection(ProjectConfigurationPlatforms) = postSolution
		{0A85DD9E-EFDA-444E-A43D-585CD70ECFE8}.Debug|Any CPU.ActiveCfg = Debug|Any CPU
		{0A85DD9E-EFDA-444E-A43D-585CD70ECFE8}.Debug|Any CPU.Build.0 = Debug|Any CPU
		{0A85DD9E-EFDA-444E-A43D-585CD70ECFE8}.Release|Any CPU.ActiveCfg = Release|Any CPU
		{0A85DD9E-EFDA-444E-A43D-585CD70ECFE8}.Release|Any CPU.Build.0 = Release|Any CPU
	EndGlobalSection
	GlobalSection(SolutionProperties) = preSolution
		HideSolutionNode = FALSE
	EndGlobalSection
	GlobalSection(ExtensibilityGlobals) = postSolution
		SolutionGuid = {2D635BC0-AC47-499F-8BE2-B6B41CBEEEA2}
	EndGlobalSection
EndGlobal
